
Microsoft Visual Studio Solution File, Format Version 12.00
# Visual Studio Version 17
VisualStudioVersion = 17.4.33110.190
MinimumVisualStudioVersion = 10.0.40219.1
Project("{FAE04EC0-301F-11D3-BF4B-00C04F79EFBC}") = "Badgage", "Badgage.csproj", "{BEFB4B3C-302F-47C3-BD66-C92FFBFE7DFC}"
EndProject
Global
	GlobalSection(SolutionConfigurationPlatforms) = preSolution
		Debug|Any CPU = Debug|Any CPU
		Release|Any CPU = Release|Any CPU
	EndGlobalSection
	GlobalSection(ProjectConfigurationPlatforms) = postSolution
		{BEFB4B3C-302F-47C3-BD66-C92FFBFE7DFC}.Debug|Any CPU.ActiveCfg = Debug|Any CPU
		{BEFB4B3C-302F-47C3-BD66-C92FFBFE7DFC}.Debug|Any CPU.Build.0 = Debug|Any CPU
		{BEFB4B3C-302F-47C3-BD66-C92FFBFE7DFC}.Release|Any CPU.ActiveCfg = Release|Any CPU
		{BEFB4B3C-302F-47C3-BD66-C92FFBFE7DFC}.Release|Any CPU.Build.0 = Release|Any CPU
	EndGlobalSection
	GlobalSection(SolutionProperties) = preSolution
		HideSolutionNode = FALSE
	EndGlobalSection
	GlobalSection(ExtensibilityGlobals) = postSolution
		SolutionGuid = {DC7847A5-657C-4354-962F-B97329AC5BA6}
	EndGlobalSection
EndGlobal
